
Microsoft Visual Studio Solution File, Format Version 12.00
# Visual Studio Version 17
VisualStudioVersion = 17.5.33516.290
MinimumVisualStudioVersion = 10.0.40219.1
Project("{FAE04EC0-301F-11D3-BF4B-00C04F79EFBC}") = "Library_Mindbox", "Library_Mindbox.csproj", "{6965B480-152F-4D2F-900A-E4ABCFB72FA6}"
EndProject
Project("{FAE04EC0-301F-11D3-BF4B-00C04F79EFBC}") = "TestTask_Mindbox", "..\TestTask_Mindbox\TestTask_Mindbox.csproj", "{A9AAB64B-2158-4A7D-899E-D7EE3AD06586}"
EndProject
Project("{FAE04EC0-301F-11D3-BF4B-00C04F79EFBC}") = "TestTask_MindboxUnit", "..\TestTask_MindboxUnit\TestTask_MindboxUnit.csproj", "{D0F59BE0-4209-45FE-AB05-C3A3E3423E5C}"
EndProject
Global
	GlobalSection(SolutionConfigurationPlatforms) = preSolution
		Debug|Any CPU = Debug|Any CPU
		Release|Any CPU = Release|Any CPU
	EndGlobalSection
	GlobalSection(ProjectConfigurationPlatforms) = postSolution
		{6965B480-152F-4D2F-900A-E4ABCFB72FA6}.Debug|Any CPU.ActiveCfg = Debug|Any CPU
		{6965B480-152F-4D2F-900A-E4ABCFB72FA6}.Debug|Any CPU.Build.0 = Debug|Any CPU
		{6965B480-152F-4D2F-900A-E4ABCFB72FA6}.Release|Any CPU.ActiveCfg = Release|Any CPU
		{6965B480-152F-4D2F-900A-E4ABCFB72FA6}.Release|Any CPU.Build.0 = Release|Any CPU
		{A9AAB64B-2158-4A7D-899E-D7EE3AD06586}.Debug|Any CPU.ActiveCfg = Debug|Any CPU
		{A9AAB64B-2158-4A7D-899E-D7EE3AD06586}.Debug|Any CPU.Build.0 = Debug|Any CPU
		{A9AAB64B-2158-4A7D-899E-D7EE3AD06586}.Release|Any CPU.ActiveCfg = Release|Any CPU
		{A9AAB64B-2158-4A7D-899E-D7EE3AD06586}.Release|Any CPU.Build.0 = Release|Any CPU
		{D0F59BE0-4209-45FE-AB05-C3A3E3423E5C}.Debug|Any CPU.ActiveCfg = Debug|Any CPU
		{D0F59BE0-4209-45FE-AB05-C3A3E3423E5C}.Debug|Any CPU.Build.0 = Debug|Any CPU
		{D0F59BE0-4209-45FE-AB05-C3A3E3423E5C}.Release|Any CPU.ActiveCfg = Release|Any CPU
		{D0F59BE0-4209-45FE-AB05-C3A3E3423E5C}.Release|Any CPU.Build.0 = Release|Any CPU
	EndGlobalSection
	GlobalSection(SolutionProperties) = preSolution
		HideSolutionNode = FALSE
	EndGlobalSection
	GlobalSection(ExtensibilityGlobals) = postSolution
		SolutionGuid = {55EB73A8-46D6-4003-8D81-4D7EEA554B5C}
	EndGlobalSection
EndGlobal
